
Microsoft Visual Studio Solution File, Format Version 12.00
# Visual Studio Version 16
VisualStudioVersion = 16.0.31005.135
MinimumVisualStudioVersion = 10.0.40219.1
Project("{9A19103F-16F7-4668-BE54-9A1E7A4F7556}") = "Pratikler", "Pratikler\Pratikler.csproj", "{B6FC2295-C423-44FF-B859-ED771E743AB8}"
EndProject
Project("{9A19103F-16F7-4668-BE54-9A1E7A4F7556}") = "console-programlama", "console-programlama\console-programlama.csproj", "{D6DEE57C-2627-44A9-A6A6-E173309EE342}"
EndProject
Project("{9A19103F-16F7-4668-BE54-9A1E7A4F7556}") = "degisken", "degisken\degisken.csproj", "{0B324622-8E82-44B6-B795-1D8798FD43A3}"
EndProject
Project("{FAE04EC0-301F-11D3-BF4B-00C04F79EFBC}") = "operatorler", "operatorler\operatorler.csproj", "{96AF1D1F-9080-43B7-9B21-E62F5F420B23}"
EndProject
Global
	GlobalSection(SolutionConfigurationPlatforms) = preSolution
		Debug|Any CPU = Debug|Any CPU
		Release|Any CPU = Release|Any CPU
	EndGlobalSection
	GlobalSection(ProjectConfigurationPlatforms) = postSolution
		{B6FC2295-C423-44FF-B859-ED771E743AB8}.Debug|Any CPU.ActiveCfg = Debug|Any CPU
		{B6FC2295-C423-44FF-B859-ED771E743AB8}.Debug|Any CPU.Build.0 = Debug|Any CPU
		{B6FC2295-C423-44FF-B859-ED771E743AB8}.Release|Any CPU.ActiveCfg = Release|Any CPU
		{B6FC2295-C423-44FF-B859-ED771E743AB8}.Release|Any CPU.Build.0 = Release|Any CPU
		{D6DEE57C-2627-44A9-A6A6-E173309EE342}.Debug|Any CPU.ActiveCfg = Debug|Any CPU
		{D6DEE57C-2627-44A9-A6A6-E173309EE342}.Debug|Any CPU.Build.0 = Debug|Any CPU
		{D6DEE57C-2627-44A9-A6A6-E173309EE342}.Release|Any CPU.ActiveCfg = Release|Any CPU
		{D6DEE57C-2627-44A9-A6A6-E173309EE342}.Release|Any CPU.Build.0 = Release|Any CPU
		{0B324622-8E82-44B6-B795-1D8798FD43A3}.Debug|Any CPU.ActiveCfg = Debug|Any CPU
		{0B324622-8E82-44B6-B795-1D8798FD43A3}.Debug|Any CPU.Build.0 = Debug|Any CPU
		{0B324622-8E82-44B6-B795-1D8798FD43A3}.Release|Any CPU.ActiveCfg = Release|Any CPU
		{0B324622-8E82-44B6-B795-1D8798FD43A3}.Release|Any CPU.Build.0 = Release|Any CPU
		{96AF1D1F-9080-43B7-9B21-E62F5F420B23}.Debug|Any CPU.ActiveCfg = Debug|Any CPU
		{96AF1D1F-9080-43B7-9B21-E62F5F420B23}.Debug|Any CPU.Build.0 = Debug|Any CPU
		{96AF1D1F-9080-43B7-9B21-E62F5F420B23}.Release|Any CPU.ActiveCfg = Release|Any CPU
		{96AF1D1F-9080-43B7-9B21-E62F5F420B23}.Release|Any CPU.Build.0 = Release|Any CPU
	EndGlobalSection
	GlobalSection(SolutionProperties) = preSolution
		HideSolutionNode = FALSE
	EndGlobalSection
	GlobalSection(ExtensibilityGlobals) = postSolution
		SolutionGuid = {6C00EA38-6FB3-4390-938A-CA3304C1D000}
	EndGlobalSection
EndGlobal
