
Microsoft Visual Studio Solution File, Format Version 12.00
# Visual Studio Version 16
VisualStudioVersion = 16.0.31005.135
MinimumVisualStudioVersion = 10.0.40219.1
Project("{9A19103F-16F7-4668-BE54-9A1E7A4F7556}") = "Pratikler", "Pratikler\Pratikler.csproj", "{B6FC2295-C423-44FF-B859-ED771E743AB8}"
EndProject
Project("{9A19103F-16F7-4668-BE54-9A1E7A4F7556}") = "console-programlama", "console-programlama\console-programlama.csproj", "{D6DEE57C-2627-44A9-A6A6-E173309EE342}"
EndProject
Project("{9A19103F-16F7-4668-BE54-9A1E7A4F7556}") = "degisken", "degisken\degisken.csproj", "{0B324622-8E82-44B6-B795-1D8798FD43A3}"
EndProject
Project("{9A19103F-16F7-4668-BE54-9A1E7A4F7556}") = "operatorler", "operatorler\operatorler.csproj", "{96AF1D1F-9080-43B7-9B21-E62F5F420B23}"
EndProject
Project("{9A19103F-16F7-4668-BE54-9A1E7A4F7556}") = "tip-donusumleri", "tip-donusumleri\tip-donusumleri.csproj", "{9189A33A-F8AC-42EF-9B7A-3DAEE9830DC9}"
EndProject
Project("{9A19103F-16F7-4668-BE54-9A1E7A4F7556}") = "hata-yonetimi", "hata-yonetimi\hata-yonetimi.csproj", "{64BF5DF9-9C4D-42C3-BD24-DB63FCCA2B3E}"
EndProject
Project("{9A19103F-16F7-4668-BE54-9A1E7A4F7556}") = "if-else-if", "if-else-if\if-else-if.csproj", "{73BC5C05-A6B3-45A4-9F41-DFBDA879FFE7}"
EndProject
Project("{9A19103F-16F7-4668-BE54-9A1E7A4F7556}") = "switch-case", "switch-case\switch-case.csproj", "{1D34CADA-5AFC-4DD1-8F39-2F7C8DBC9C31}"
EndProject
Project("{9A19103F-16F7-4668-BE54-9A1E7A4F7556}") = "donguler-for-loop", "donguler-for-loop\donguler-for-loop.csproj", "{CFBE4D32-5D9F-42D8-977D-17EB7E8B2D31}"
EndProject
Project("{9A19103F-16F7-4668-BE54-9A1E7A4F7556}") = "donguler-while-foreach", "donguler-while-foreach\donguler-while-foreach.csproj", "{1BA1EA7F-9012-4BB6-A690-D8AE5F63CDA6}"
EndProject
Project("{9A19103F-16F7-4668-BE54-9A1E7A4F7556}") = "diziler", "diziler\diziler.csproj", "{E81758A6-CC14-4890-A2E7-196B7C9B31A3}"
EndProject
Project("{9A19103F-16F7-4668-BE54-9A1E7A4F7556}") = "diziler-array-sinifi-metodlari", "diziler-array-sinifi-metodlari\diziler-array-sinifi-metodlari.csproj", "{931B06B1-4553-4EDF-B382-C092522E5022}"
EndProject
Project("{9A19103F-16F7-4668-BE54-9A1E7A4F7556}") = "metotlar", "metotlar\metotlar.csproj", "{18F8981D-202E-4A81-992F-68FD3095CF21}"
EndProject
Project("{9A19103F-16F7-4668-BE54-9A1E7A4F7556}") = "metotlar-overloading", "metotlar-overloading\metotlar-overloading.csproj", "{67A4C92B-2F17-4BF6-A501-88E35E2E672C}"
EndProject
Project("{9A19103F-16F7-4668-BE54-9A1E7A4F7556}") = "recursive_extension_metotlar", "recursive_extension_metotlar\recursive_extension_metotlar.csproj", "{1B30C35B-9AD0-47ED-BA52-54E2D6526072}"
EndProject
Project("{9A19103F-16F7-4668-BE54-9A1E7A4F7556}") = "algoritma-sorulari", "algoritma-sorulari\algoritma-sorulari.csproj", "{FA322E0D-4737-401E-9612-4477E7369843}"
EndProject
Project("{9A19103F-16F7-4668-BE54-9A1E7A4F7556}") = "hazir_metotlar_string", "hazir_metotlar_string\hazir_metotlar_string.csproj", "{3DAFBE03-C152-42A6-89F4-7D2B2BEA37A6}"
EndProject
Project("{9A19103F-16F7-4668-BE54-9A1E7A4F7556}") = "hazir_metotlar_datetime_math", "hazir_metotlar_datetime_math\hazir_metotlar_datetime_math.csproj", "{AABAE604-F65F-45D7-B50D-9FBCDBA7649A}"
EndProject
Project("{9A19103F-16F7-4668-BE54-9A1E7A4F7556}") = "generic_list", "generic_list\generic_list.csproj", "{1177BB30-5797-482C-ABD9-905D1109F5E3}"
EndProject
Project("{9A19103F-16F7-4668-BE54-9A1E7A4F7556}") = "arraylist", "arraylist\arraylist.csproj", "{F7B01F88-AF18-47B5-80C7-6E6D5975CA7B}"
EndProject
Project("{9A19103F-16F7-4668-BE54-9A1E7A4F7556}") = "dictionary", "dictionary\dictionary.csproj", "{646DBBFC-C49F-49E7-A3E6-138092316CA4}"
EndProject
Project("{9A19103F-16F7-4668-BE54-9A1E7A4F7556}") = "Koleksiyonlar-Soru-1", "Koleksiyonlar-Soru-1\Koleksiyonlar-Soru-1.csproj", "{55E84006-F652-4304-A377-6E9E0E241BEA}"
EndProject
Project("{9A19103F-16F7-4668-BE54-9A1E7A4F7556}") = "Koleksiyonlar-Soru-2", "Koleksiyonlar-Soru-2\Koleksiyonlar-Soru-2.csproj", "{AE17CDF5-4259-4240-9DC1-7ACF1F5EABC0}"
EndProject
Project("{9A19103F-16F7-4668-BE54-9A1E7A4F7556}") = "Koleksiyonlar-Soru-3", "Koleksiyonlar-Soru-3\Koleksiyonlar-Soru-3.csproj", "{13DE2805-9271-4F62-8F14-0210B6BA6DBD}"
EndProject
Project("{9A19103F-16F7-4668-BE54-9A1E7A4F7556}") = "sinif_kavrami", "sinif_kavrami\sinif_kavrami.csproj", "{0BAAAC20-D936-49F5-B4A3-37BE03934310}"
EndProject
Project("{9A19103F-16F7-4668-BE54-9A1E7A4F7556}") = "encapsulation", "encapsulation\encapsulation.csproj", "{BD9BBED9-DF19-4371-8803-F9CDAB5ACC6B}"
EndProject
Project("{9A19103F-16F7-4668-BE54-9A1E7A4F7556}") = "static_sinifler_ve_uyeler", "static_sinifler_ve_uyeler\static_sinifler_ve_uyeler.csproj", "{BF5A9779-BDEC-49DD-B38C-C0771E356B83}"
EndProject
Project("{9A19103F-16F7-4668-BE54-9A1E7A4F7556}") = "struct_kavrami", "struct_kavrami\struct_kavrami.csproj", "{D129492C-EDB3-4C21-973B-C86663DFA46F}"
EndProject
Project("{9A19103F-16F7-4668-BE54-9A1E7A4F7556}") = "csharp_enum", "csharp_enum\csharp_enum.csproj", "{E6878A9D-8A54-4416-9416-4C2FBB7C805E}"
EndProject
Project("{9A19103F-16F7-4668-BE54-9A1E7A4F7556}") = "inheritance", "inheritance\inheritance.csproj", "{D630683F-B5C0-484D-9F61-4F8D9BDC99FA}"
EndProject
Project("{9A19103F-16F7-4668-BE54-9A1E7A4F7556}") = "arayuzler", "arayuzler\arayuzler.csproj", "{245A0F8C-5B5E-4D29-9829-06504A2B23A1}"
EndProject
Project("{9A19103F-16F7-4668-BE54-9A1E7A4F7556}") = "arayuzler_ornek", "arayuzler_ornek\arayuzler_ornek.csproj", "{98F27C56-942B-4F88-8F2A-5411FEE2B1E1}"
EndProject
Project("{9A19103F-16F7-4668-BE54-9A1E7A4F7556}") = "abstract_class", "abstract_class\abstract_class.csproj", "{BC2A8BA7-52F4-4BDB-BF4E-D59D9BDBF50C}"
EndProject
Project("{9A19103F-16F7-4668-BE54-9A1E7A4F7556}") = "TelefonRehberiUygulaması", "TelefonRehberiUygulaması\TelefonRehberiUygulaması.csproj", "{41A806EB-1E15-463D-B8AC-BBF991C94C37}"
EndProject
Project("{FAE04EC0-301F-11D3-BF4B-00C04F79EFBC}") = "Console ToDo Uygulaması", "Console ToDo Uygulaması\Console ToDo Uygulaması.csproj", "{D488FD57-AB9D-4921-BB46-15E43DF6BAC4}"
EndProject
Global
	GlobalSection(SolutionConfigurationPlatforms) = preSolution
		Debug|Any CPU = Debug|Any CPU
		Release|Any CPU = Release|Any CPU
	EndGlobalSection
	GlobalSection(ProjectConfigurationPlatforms) = postSolution
		{B6FC2295-C423-44FF-B859-ED771E743AB8}.Debug|Any CPU.ActiveCfg = Debug|Any CPU
		{B6FC2295-C423-44FF-B859-ED771E743AB8}.Debug|Any CPU.Build.0 = Debug|Any CPU
		{B6FC2295-C423-44FF-B859-ED771E743AB8}.Release|Any CPU.ActiveCfg = Release|Any CPU
		{B6FC2295-C423-44FF-B859-ED771E743AB8}.Release|Any CPU.Build.0 = Release|Any CPU
		{D6DEE57C-2627-44A9-A6A6-E173309EE342}.Debug|Any CPU.ActiveCfg = Debug|Any CPU
		{D6DEE57C-2627-44A9-A6A6-E173309EE342}.Debug|Any CPU.Build.0 = Debug|Any CPU
		{D6DEE57C-2627-44A9-A6A6-E173309EE342}.Release|Any CPU.ActiveCfg = Release|Any CPU
		{D6DEE57C-2627-44A9-A6A6-E173309EE342}.Release|Any CPU.Build.0 = Release|Any CPU
		{0B324622-8E82-44B6-B795-1D8798FD43A3}.Debug|Any CPU.ActiveCfg = Debug|Any CPU
		{0B324622-8E82-44B6-B795-1D8798FD43A3}.Debug|Any CPU.Build.0 = Debug|Any CPU
		{0B324622-8E82-44B6-B795-1D8798FD43A3}.Release|Any CPU.ActiveCfg = Release|Any CPU
		{0B324622-8E82-44B6-B795-1D8798FD43A3}.Release|Any CPU.Build.0 = Release|Any CPU
		{96AF1D1F-9080-43B7-9B21-E62F5F420B23}.Debug|Any CPU.ActiveCfg = Debug|Any CPU
		{96AF1D1F-9080-43B7-9B21-E62F5F420B23}.Debug|Any CPU.Build.0 = Debug|Any CPU
		{96AF1D1F-9080-43B7-9B21-E62F5F420B23}.Release|Any CPU.ActiveCfg = Release|Any CPU
		{96AF1D1F-9080-43B7-9B21-E62F5F420B23}.Release|Any CPU.Build.0 = Release|Any CPU
		{9189A33A-F8AC-42EF-9B7A-3DAEE9830DC9}.Debug|Any CPU.ActiveCfg = Debug|Any CPU
		{9189A33A-F8AC-42EF-9B7A-3DAEE9830DC9}.Debug|Any CPU.Build.0 = Debug|Any CPU
		{9189A33A-F8AC-42EF-9B7A-3DAEE9830DC9}.Release|Any CPU.ActiveCfg = Release|Any CPU
		{9189A33A-F8AC-42EF-9B7A-3DAEE9830DC9}.Release|Any CPU.Build.0 = Release|Any CPU
		{64BF5DF9-9C4D-42C3-BD24-DB63FCCA2B3E}.Debug|Any CPU.ActiveCfg = Debug|Any CPU
		{64BF5DF9-9C4D-42C3-BD24-DB63FCCA2B3E}.Debug|Any CPU.Build.0 = Debug|Any CPU
		{64BF5DF9-9C4D-42C3-BD24-DB63FCCA2B3E}.Release|Any CPU.ActiveCfg = Release|Any CPU
		{64BF5DF9-9C4D-42C3-BD24-DB63FCCA2B3E}.Release|Any CPU.Build.0 = Release|Any CPU
		{73BC5C05-A6B3-45A4-9F41-DFBDA879FFE7}.Debug|Any CPU.ActiveCfg = Debug|Any CPU
		{73BC5C05-A6B3-45A4-9F41-DFBDA879FFE7}.Debug|Any CPU.Build.0 = Debug|Any CPU
		{73BC5C05-A6B3-45A4-9F41-DFBDA879FFE7}.Release|Any CPU.ActiveCfg = Release|Any CPU
		{73BC5C05-A6B3-45A4-9F41-DFBDA879FFE7}.Release|Any CPU.Build.0 = Release|Any CPU
		{1D34CADA-5AFC-4DD1-8F39-2F7C8DBC9C31}.Debug|Any CPU.ActiveCfg = Debug|Any CPU
		{1D34CADA-5AFC-4DD1-8F39-2F7C8DBC9C31}.Debug|Any CPU.Build.0 = Debug|Any CPU
		{1D34CADA-5AFC-4DD1-8F39-2F7C8DBC9C31}.Release|Any CPU.ActiveCfg = Release|Any CPU
		{1D34CADA-5AFC-4DD1-8F39-2F7C8DBC9C31}.Release|Any CPU.Build.0 = Release|Any CPU
		{CFBE4D32-5D9F-42D8-977D-17EB7E8B2D31}.Debug|Any CPU.ActiveCfg = Debug|Any CPU
		{CFBE4D32-5D9F-42D8-977D-17EB7E8B2D31}.Debug|Any CPU.Build.0 = Debug|Any CPU
		{CFBE4D32-5D9F-42D8-977D-17EB7E8B2D31}.Release|Any CPU.ActiveCfg = Release|Any CPU
		{CFBE4D32-5D9F-42D8-977D-17EB7E8B2D31}.Release|Any CPU.Build.0 = Release|Any CPU
		{1BA1EA7F-9012-4BB6-A690-D8AE5F63CDA6}.Debug|Any CPU.ActiveCfg = Debug|Any CPU
		{1BA1EA7F-9012-4BB6-A690-D8AE5F63CDA6}.Debug|Any CPU.Build.0 = Debug|Any CPU
		{1BA1EA7F-9012-4BB6-A690-D8AE5F63CDA6}.Release|Any CPU.ActiveCfg = Release|Any CPU
		{1BA1EA7F-9012-4BB6-A690-D8AE5F63CDA6}.Release|Any CPU.Build.0 = Release|Any CPU
		{E81758A6-CC14-4890-A2E7-196B7C9B31A3}.Debug|Any CPU.ActiveCfg = Debug|Any CPU
		{E81758A6-CC14-4890-A2E7-196B7C9B31A3}.Debug|Any CPU.Build.0 = Debug|Any CPU
		{E81758A6-CC14-4890-A2E7-196B7C9B31A3}.Release|Any CPU.ActiveCfg = Release|Any CPU
		{E81758A6-CC14-4890-A2E7-196B7C9B31A3}.Release|Any CPU.Build.0 = Release|Any CPU
		{931B06B1-4553-4EDF-B382-C092522E5022}.Debug|Any CPU.ActiveCfg = Debug|Any CPU
		{931B06B1-4553-4EDF-B382-C092522E5022}.Debug|Any CPU.Build.0 = Debug|Any CPU
		{931B06B1-4553-4EDF-B382-C092522E5022}.Release|Any CPU.ActiveCfg = Release|Any CPU
		{931B06B1-4553-4EDF-B382-C092522E5022}.Release|Any CPU.Build.0 = Release|Any CPU
		{18F8981D-202E-4A81-992F-68FD3095CF21}.Debug|Any CPU.ActiveCfg = Debug|Any CPU
		{18F8981D-202E-4A81-992F-68FD3095CF21}.Debug|Any CPU.Build.0 = Debug|Any CPU
		{18F8981D-202E-4A81-992F-68FD3095CF21}.Release|Any CPU.ActiveCfg = Release|Any CPU
		{18F8981D-202E-4A81-992F-68FD3095CF21}.Release|Any CPU.Build.0 = Release|Any CPU
		{67A4C92B-2F17-4BF6-A501-88E35E2E672C}.Debug|Any CPU.ActiveCfg = Debug|Any CPU
		{67A4C92B-2F17-4BF6-A501-88E35E2E672C}.Debug|Any CPU.Build.0 = Debug|Any CPU
		{67A4C92B-2F17-4BF6-A501-88E35E2E672C}.Release|Any CPU.ActiveCfg = Release|Any CPU
		{67A4C92B-2F17-4BF6-A501-88E35E2E672C}.Release|Any CPU.Build.0 = Release|Any CPU
		{1B30C35B-9AD0-47ED-BA52-54E2D6526072}.Debug|Any CPU.ActiveCfg = Debug|Any CPU
		{1B30C35B-9AD0-47ED-BA52-54E2D6526072}.Debug|Any CPU.Build.0 = Debug|Any CPU
		{1B30C35B-9AD0-47ED-BA52-54E2D6526072}.Release|Any CPU.ActiveCfg = Release|Any CPU
		{1B30C35B-9AD0-47ED-BA52-54E2D6526072}.Release|Any CPU.Build.0 = Release|Any CPU
		{FA322E0D-4737-401E-9612-4477E7369843}.Debug|Any CPU.ActiveCfg = Debug|Any CPU
		{FA322E0D-4737-401E-9612-4477E7369843}.Debug|Any CPU.Build.0 = Debug|Any CPU
		{FA322E0D-4737-401E-9612-4477E7369843}.Release|Any CPU.ActiveCfg = Release|Any CPU
		{FA322E0D-4737-401E-9612-4477E7369843}.Release|Any CPU.Build.0 = Release|Any CPU
		{3DAFBE03-C152-42A6-89F4-7D2B2BEA37A6}.Debug|Any CPU.ActiveCfg = Debug|Any CPU
		{3DAFBE03-C152-42A6-89F4-7D2B2BEA37A6}.Debug|Any CPU.Build.0 = Debug|Any CPU
		{3DAFBE03-C152-42A6-89F4-7D2B2BEA37A6}.Release|Any CPU.ActiveCfg = Release|Any CPU
		{3DAFBE03-C152-42A6-89F4-7D2B2BEA37A6}.Release|Any CPU.Build.0 = Release|Any CPU
		{AABAE604-F65F-45D7-B50D-9FBCDBA7649A}.Debug|Any CPU.ActiveCfg = Debug|Any CPU
		{AABAE604-F65F-45D7-B50D-9FBCDBA7649A}.Debug|Any CPU.Build.0 = Debug|Any CPU
		{AABAE604-F65F-45D7-B50D-9FBCDBA7649A}.Release|Any CPU.ActiveCfg = Release|Any CPU
		{AABAE604-F65F-45D7-B50D-9FBCDBA7649A}.Release|Any CPU.Build.0 = Release|Any CPU
		{1177BB30-5797-482C-ABD9-905D1109F5E3}.Debug|Any CPU.ActiveCfg = Debug|Any CPU
		{1177BB30-5797-482C-ABD9-905D1109F5E3}.Debug|Any CPU.Build.0 = Debug|Any CPU
		{1177BB30-5797-482C-ABD9-905D1109F5E3}.Release|Any CPU.ActiveCfg = Release|Any CPU
		{1177BB30-5797-482C-ABD9-905D1109F5E3}.Release|Any CPU.Build.0 = Release|Any CPU
		{F7B01F88-AF18-47B5-80C7-6E6D5975CA7B}.Debug|Any CPU.ActiveCfg = Debug|Any CPU
		{F7B01F88-AF18-47B5-80C7-6E6D5975CA7B}.Debug|Any CPU.Build.0 = Debug|Any CPU
		{F7B01F88-AF18-47B5-80C7-6E6D5975CA7B}.Release|Any CPU.ActiveCfg = Release|Any CPU
		{F7B01F88-AF18-47B5-80C7-6E6D5975CA7B}.Release|Any CPU.Build.0 = Release|Any CPU
		{646DBBFC-C49F-49E7-A3E6-138092316CA4}.Debug|Any CPU.ActiveCfg = Debug|Any CPU
		{646DBBFC-C49F-49E7-A3E6-138092316CA4}.Debug|Any CPU.Build.0 = Debug|Any CPU
		{646DBBFC-C49F-49E7-A3E6-138092316CA4}.Release|Any CPU.ActiveCfg = Release|Any CPU
		{646DBBFC-C49F-49E7-A3E6-138092316CA4}.Release|Any CPU.Build.0 = Release|Any CPU
		{55E84006-F652-4304-A377-6E9E0E241BEA}.Debug|Any CPU.ActiveCfg = Debug|Any CPU
		{55E84006-F652-4304-A377-6E9E0E241BEA}.Debug|Any CPU.Build.0 = Debug|Any CPU
		{55E84006-F652-4304-A377-6E9E0E241BEA}.Release|Any CPU.ActiveCfg = Release|Any CPU
		{55E84006-F652-4304-A377-6E9E0E241BEA}.Release|Any CPU.Build.0 = Release|Any CPU
		{AE17CDF5-4259-4240-9DC1-7ACF1F5EABC0}.Debug|Any CPU.ActiveCfg = Debug|Any CPU
		{AE17CDF5-4259-4240-9DC1-7ACF1F5EABC0}.Debug|Any CPU.Build.0 = Debug|Any CPU
		{AE17CDF5-4259-4240-9DC1-7ACF1F5EABC0}.Release|Any CPU.ActiveCfg = Release|Any CPU
		{AE17CDF5-4259-4240-9DC1-7ACF1F5EABC0}.Release|Any CPU.Build.0 = Release|Any CPU
		{13DE2805-9271-4F62-8F14-0210B6BA6DBD}.Debug|Any CPU.ActiveCfg = Debug|Any CPU
		{13DE2805-9271-4F62-8F14-0210B6BA6DBD}.Debug|Any CPU.Build.0 = Debug|Any CPU
		{13DE2805-9271-4F62-8F14-0210B6BA6DBD}.Release|Any CPU.ActiveCfg = Release|Any CPU
		{13DE2805-9271-4F62-8F14-0210B6BA6DBD}.Release|Any CPU.Build.0 = Release|Any CPU
		{0BAAAC20-D936-49F5-B4A3-37BE03934310}.Debug|Any CPU.ActiveCfg = Debug|Any CPU
		{0BAAAC20-D936-49F5-B4A3-37BE03934310}.Debug|Any CPU.Build.0 = Debug|Any CPU
		{0BAAAC20-D936-49F5-B4A3-37BE03934310}.Release|Any CPU.ActiveCfg = Release|Any CPU
		{0BAAAC20-D936-49F5-B4A3-37BE03934310}.Release|Any CPU.Build.0 = Release|Any CPU
		{BD9BBED9-DF19-4371-8803-F9CDAB5ACC6B}.Debug|Any CPU.ActiveCfg = Debug|Any CPU
		{BD9BBED9-DF19-4371-8803-F9CDAB5ACC6B}.Debug|Any CPU.Build.0 = Debug|Any CPU
		{BD9BBED9-DF19-4371-8803-F9CDAB5ACC6B}.Release|Any CPU.ActiveCfg = Release|Any CPU
		{BD9BBED9-DF19-4371-8803-F9CDAB5ACC6B}.Release|Any CPU.Build.0 = Release|Any CPU
		{BF5A9779-BDEC-49DD-B38C-C0771E356B83}.Debug|Any CPU.ActiveCfg = Debug|Any CPU
		{BF5A9779-BDEC-49DD-B38C-C0771E356B83}.Debug|Any CPU.Build.0 = Debug|Any CPU
		{BF5A9779-BDEC-49DD-B38C-C0771E356B83}.Release|Any CPU.ActiveCfg = Release|Any CPU
		{BF5A9779-BDEC-49DD-B38C-C0771E356B83}.Release|Any CPU.Build.0 = Release|Any CPU
		{D129492C-EDB3-4C21-973B-C86663DFA46F}.Debug|Any CPU.ActiveCfg = Debug|Any CPU
		{D129492C-EDB3-4C21-973B-C86663DFA46F}.Debug|Any CPU.Build.0 = Debug|Any CPU
		{D129492C-EDB3-4C21-973B-C86663DFA46F}.Release|Any CPU.ActiveCfg = Release|Any CPU
		{D129492C-EDB3-4C21-973B-C86663DFA46F}.Release|Any CPU.Build.0 = Release|Any CPU
		{E6878A9D-8A54-4416-9416-4C2FBB7C805E}.Debug|Any CPU.ActiveCfg = Debug|Any CPU
		{E6878A9D-8A54-4416-9416-4C2FBB7C805E}.Debug|Any CPU.Build.0 = Debug|Any CPU
		{E6878A9D-8A54-4416-9416-4C2FBB7C805E}.Release|Any CPU.ActiveCfg = Release|Any CPU
		{E6878A9D-8A54-4416-9416-4C2FBB7C805E}.Release|Any CPU.Build.0 = Release|Any CPU
		{D630683F-B5C0-484D-9F61-4F8D9BDC99FA}.Debug|Any CPU.ActiveCfg = Debug|Any CPU
		{D630683F-B5C0-484D-9F61-4F8D9BDC99FA}.Debug|Any CPU.Build.0 = Debug|Any CPU
		{D630683F-B5C0-484D-9F61-4F8D9BDC99FA}.Release|Any CPU.ActiveCfg = Release|Any CPU
		{D630683F-B5C0-484D-9F61-4F8D9BDC99FA}.Release|Any CPU.Build.0 = Release|Any CPU
		{245A0F8C-5B5E-4D29-9829-06504A2B23A1}.Debug|Any CPU.ActiveCfg = Debug|Any CPU
		{245A0F8C-5B5E-4D29-9829-06504A2B23A1}.Debug|Any CPU.Build.0 = Debug|Any CPU
		{245A0F8C-5B5E-4D29-9829-06504A2B23A1}.Release|Any CPU.ActiveCfg = Release|Any CPU
		{245A0F8C-5B5E-4D29-9829-06504A2B23A1}.Release|Any CPU.Build.0 = Release|Any CPU
		{98F27C56-942B-4F88-8F2A-5411FEE2B1E1}.Debug|Any CPU.ActiveCfg = Debug|Any CPU
		{98F27C56-942B-4F88-8F2A-5411FEE2B1E1}.Debug|Any CPU.Build.0 = Debug|Any CPU
		{98F27C56-942B-4F88-8F2A-5411FEE2B1E1}.Release|Any CPU.ActiveCfg = Release|Any CPU
		{98F27C56-942B-4F88-8F2A-5411FEE2B1E1}.Release|Any CPU.Build.0 = Release|Any CPU
		{BC2A8BA7-52F4-4BDB-BF4E-D59D9BDBF50C}.Debug|Any CPU.ActiveCfg = Debug|Any CPU
		{BC2A8BA7-52F4-4BDB-BF4E-D59D9BDBF50C}.Debug|Any CPU.Build.0 = Debug|Any CPU
		{BC2A8BA7-52F4-4BDB-BF4E-D59D9BDBF50C}.Release|Any CPU.ActiveCfg = Release|Any CPU
		{BC2A8BA7-52F4-4BDB-BF4E-D59D9BDBF50C}.Release|Any CPU.Build.0 = Release|Any CPU
		{41A806EB-1E15-463D-B8AC-BBF991C94C37}.Debug|Any CPU.ActiveCfg = Debug|Any CPU
		{41A806EB-1E15-463D-B8AC-BBF991C94C37}.Debug|Any CPU.Build.0 = Debug|Any CPU
		{41A806EB-1E15-463D-B8AC-BBF991C94C37}.Release|Any CPU.ActiveCfg = Release|Any CPU
		{41A806EB-1E15-463D-B8AC-BBF991C94C37}.Release|Any CPU.Build.0 = Release|Any CPU
		{D488FD57-AB9D-4921-BB46-15E43DF6BAC4}.Debug|Any CPU.ActiveCfg = Debug|Any CPU
		{D488FD57-AB9D-4921-BB46-15E43DF6BAC4}.Debug|Any CPU.Build.0 = Debug|Any CPU
		{D488FD57-AB9D-4921-BB46-15E43DF6BAC4}.Release|Any CPU.ActiveCfg = Release|Any CPU
		{D488FD57-AB9D-4921-BB46-15E43DF6BAC4}.Release|Any CPU.Build.0 = Release|Any CPU
	EndGlobalSection
	GlobalSection(SolutionProperties) = preSolution
		HideSolutionNode = FALSE
	EndGlobalSection
	GlobalSection(ExtensibilityGlobals) = postSolution
		SolutionGuid = {6C00EA38-6FB3-4390-938A-CA3304C1D000}
	EndGlobalSection
EndGlobal
